{
  "version": 4,
  "terraform_version": "0.13.0",
  "serial": 17,
  "lineage": "908c0e05-3c82-76ca-d130-01c00a11bbc3",
  "outputs": {
    "mgmt_route_table": {
      "value": "rtb-08878e86603ee7364",
      "type": "string"
    },
    "mgmt_sg": {
      "value": "sg-00b794c24ff8b1119",
      "type": "string"
    },
    "primary_private_ip": {
      "value": "10.255.0.4",
      "type": "string"
    },
    "secondary_private_ip": {
      "value": "10.255.1.4",
      "type": "string"
    },
    "vpc": {
      "value": "vpc-0f13dec46857ee480",
      "type": "string"
    },
    "vpc_cidr": {
      "value": "10.255.0.0/16",
      "type": "string"
    }
  },
  "resources": [
    {
      "module": "module.panorama",
      "mode": "data",
      "type": "aws_ami",
      "name": "panorama",
      "provider": "provider[\"registry.terraform.io/hashicorp/aws\"]",
      "instances": [
        {
          "schema_version": 0,
          "attributes": {
            "architecture": "x86_64",
            "arn": "arn:aws:ec2:us-west-2::image/ami-0459f7097e8df510b",
            "block_device_mappings": [
              {
                "device_name": "/dev/xvda",
                "ebs": {
                  "delete_on_termination": "false",
                  "encrypted": "false",
                  "iops": "0",
                  "snapshot_id": "snap-02674f9816d672d76",
                  "volume_size": "81",
                  "volume_type": "gp2"
                },
                "no_device": "",
                "virtual_name": ""
              }
            ],
            "creation_date": "2020-04-13T13:27:55.000Z",
            "description": "[Copied ami-01694626d65158988 from us-east-1] Panorama-AWS-9.1.2",
            "executable_users": null,
            "filter": [
              {
                "name": "name",
                "values": [
                  "Panorama-AWS-9.1*"
                ]
              },
              {
                "name": "owner-alias",
                "values": [
                  "aws-marketplace"
                ]
              },
              {
                "name": "product-code",
                "values": [
                  "eclz7j04vu9lf8ont8ta3n17o"
                ]
              }
            ],
            "hypervisor": "xen",
            "id": "ami-0459f7097e8df510b",
            "image_id": "ami-0459f7097e8df510b",
            "image_location": "aws-marketplace/Panorama-AWS-9.1.2-f264c750-1102-41c9-a14d-b54ea51780e4-ami-02bcf6d5eb82c082b.4",
            "image_owner_alias": "aws-marketplace",
            "image_type": "machine",
            "kernel_id": null,
            "most_recent": true,
            "name": "Panorama-AWS-9.1.2-f264c750-1102-41c9-a14d-b54ea51780e4-ami-02bcf6d5eb82c082b.4",
            "name_regex": null,
            "owner_id": "679593333241",
            "owners": [
              "aws-marketplace"
            ],
            "platform": null,
            "product_codes": [
              {
                "product_code_id": "eclz7j04vu9lf8ont8ta3n17o",
                "product_code_type": "marketplace"
              }
            ],
            "public": true,
            "ramdisk_id": null,
            "root_device_name": "/dev/xvda",
            "root_device_type": "ebs",
            "root_snapshot_id": "snap-02674f9816d672d76",
            "sriov_net_support": "simple",
            "state": "available",
            "state_reason": {
              "code": "UNSET",
              "message": "UNSET"
            },
            "tags": {},
            "virtualization_type": "hvm"
          }
        }
      ]
    },
    {
      "mode": "data",
      "type": "aws_availability_zones",
      "name": "available",
      "provider": "provider[\"registry.terraform.io/hashicorp/aws\"]",
      "instances": [
        {
          "schema_version": 0,
          "attributes": {
            "all_availability_zones": null,
            "blacklisted_names": null,
            "blacklisted_zone_ids": null,
            "exclude_names": null,
            "exclude_zone_ids": null,
            "filter": null,
            "group_names": [
              "us-west-2"
            ],
            "id": "2020-09-03 11:38:09.458541 +0000 UTC",
            "names": [
              "us-west-2a",
              "us-west-2b",
              "us-west-2c",
              "us-west-2d"
            ],
            "state": "available",
            "zone_ids": [
              "usw2-az1",
              "usw2-az2",
              "usw2-az3",
              "usw2-az4"
            ]
          }
        }
      ]
    },
    {
      "module": "module.panorama",
      "mode": "managed",
      "type": "aws_eip",
      "name": "management",
      "provider": "provider[\"registry.terraform.io/hashicorp/aws\"]",
      "instances": []
    },
    {
      "module": "module.panorama",
      "mode": "managed",
      "type": "aws_eip",
      "name": "secondary_management",
      "provider": "provider[\"registry.terraform.io/hashicorp/aws\"]",
      "instances": []
    },
    {
      "module": "module.panorama",
      "mode": "managed",
      "type": "aws_instance",
      "name": "panorama",
      "provider": "provider[\"registry.terraform.io/hashicorp/aws\"]",
      "instances": []
    },
    {
      "module": "module.panorama",
      "mode": "managed",
      "type": "aws_instance",
      "name": "secondary_panorama",
      "provider": "provider[\"registry.terraform.io/hashicorp/aws\"]",
      "instances": []
    },
    {
      "module": "module.panorama",
      "mode": "managed",
      "type": "aws_internet_gateway",
      "name": "management_igw",
      "provider": "provider[\"registry.terraform.io/hashicorp/aws\"]",
      "instances": [
        {
          "schema_version": 0,
          "attributes": {
            "arn": "arn:aws:ec2:us-west-2:847357768075:internet-gateway/igw-025a154868ea21767",
            "id": "igw-025a154868ea21767",
            "owner_id": "847357768075",
            "tags": {
              "Name": "Reference Architecture Management IGW"
            },
            "vpc_id": "vpc-0f13dec46857ee480"
          },
          "private": "bnVsbA==",
          "dependencies": [
            "module.panorama.aws_vpc.management-vpc"
          ]
        }
      ]
    },
    {
      "module": "module.panorama",
      "mode": "managed",
      "type": "aws_network_interface",
      "name": "management",
      "provider": "provider[\"registry.terraform.io/hashicorp/aws\"]",
      "instances": [
        {
          "schema_version": 0,
          "attributes": {
            "attachment": [],
            "description": "",
            "id": "eni-06e5a23fbdcac4444",
            "mac_address": "02:4b:f2:55:97:89",
            "outpost_arn": "",
            "private_dns_name": "ip-10-255-0-4.us-west-2.compute.internal",
            "private_ip": "10.255.0.4",
            "private_ips": [
              "10.255.0.4"
            ],
            "private_ips_count": 0,
            "security_groups": [
              "sg-00b794c24ff8b1119"
            ],
            "source_dest_check": true,
            "subnet_id": "subnet-0e04325b8a130e98f",
            "tags": {
              "Name": "Reference Architecture Panorama-primary"
            }
          },
          "private": "bnVsbA==",
          "dependencies": [
            "aws_security_group.management",
            "data.aws_availability_zones.available",
            "module.panorama.aws_subnet.management_subnet_primary",
            "module.panorama.aws_vpc.management-vpc"
          ]
        }
      ]
    },
    {
      "module": "module.panorama",
      "mode": "managed",
      "type": "aws_network_interface",
      "name": "secondary_management",
      "provider": "provider[\"registry.terraform.io/hashicorp/aws\"]",
      "instances": [
        {
          "index_key": 0,
          "schema_version": 0,
          "attributes": {
            "attachment": [],
            "description": "",
            "id": "eni-01a59bf4066a33553",
            "mac_address": "06:81:21:06:60:b3",
            "outpost_arn": "",
            "private_dns_name": "ip-10-255-1-4.us-west-2.compute.internal",
            "private_ip": "10.255.1.4",
            "private_ips": [
              "10.255.1.4"
            ],
            "private_ips_count": 0,
            "security_groups": [
              "sg-00b794c24ff8b1119"
            ],
            "source_dest_check": true,
            "subnet_id": "subnet-06a73ad3dda0adc06",
            "tags": {
              "Name": "Reference Architecture Panorama-secondary"
            }
          },
          "private": "bnVsbA==",
          "dependencies": [
            "aws_security_group.management",
            "data.aws_availability_zones.available",
            "module.panorama.aws_subnet.management_subnet_secondary",
            "module.panorama.aws_vpc.management-vpc"
          ]
        }
      ]
    },
    {
      "module": "module.panorama",
      "mode": "managed",
      "type": "aws_route",
      "name": "in_default",
      "provider": "provider[\"registry.terraform.io/hashicorp/aws\"]",
      "instances": [
        {
          "schema_version": 0,
          "attributes": {
            "destination_cidr_block": "0.0.0.0/0",
            "destination_ipv6_cidr_block": "",
            "destination_prefix_list_id": "",
            "egress_only_gateway_id": "",
            "gateway_id": "igw-025a154868ea21767",
            "id": "r-rtb-08878e86603ee73641080289494",
            "instance_id": "",
            "instance_owner_id": "",
            "nat_gateway_id": "",
            "network_interface_id": "",
            "origin": "CreateRoute",
            "route_table_id": "rtb-08878e86603ee7364",
            "state": "active",
            "timeouts": null,
            "transit_gateway_id": "",
            "vpc_peering_connection_id": ""
          },
          "private": "eyJlMmJmYjczMC1lY2FhLTExZTYtOGY4OC0zNDM2M2JjN2M0YzAiOnsiY3JlYXRlIjoxMjAwMDAwMDAwMDAsImRlbGV0ZSI6MzAwMDAwMDAwMDAwfX0=",
          "dependencies": [
            "module.panorama.aws_internet_gateway.management_igw",
            "module.panorama.aws_route_table.management_igw",
            "module.panorama.aws_vpc.management-vpc"
          ]
        }
      ]
    },
    {
      "module": "module.panorama",
      "mode": "managed",
      "type": "aws_route_table",
      "name": "management_igw",
      "provider": "provider[\"registry.terraform.io/hashicorp/aws\"]",
      "instances": [
        {
          "schema_version": 0,
          "attributes": {
            "id": "rtb-08878e86603ee7364",
            "owner_id": "847357768075",
            "propagating_vgws": [],
            "route": [],
            "tags": {
              "Name": "Reference Architecture Management IGW"
            },
            "vpc_id": "vpc-0f13dec46857ee480"
          },
          "private": "bnVsbA==",
          "dependencies": [
            "module.panorama.aws_vpc.management-vpc"
          ]
        }
      ]
    },
    {
      "module": "module.panorama",
      "mode": "managed",
      "type": "aws_route_table_association",
      "name": "management_igw_primary",
      "provider": "provider[\"registry.terraform.io/hashicorp/aws\"]",
      "instances": [
        {
          "schema_version": 0,
          "attributes": {
            "gateway_id": null,
            "id": "rtbassoc-041c72f5ebd411896",
            "route_table_id": "rtb-08878e86603ee7364",
            "subnet_id": "subnet-0e04325b8a130e98f"
          },
          "private": "bnVsbA==",
          "dependencies": [
            "data.aws_availability_zones.available",
            "module.panorama.aws_route_table.management_igw",
            "module.panorama.aws_subnet.management_subnet_primary",
            "module.panorama.aws_vpc.management-vpc"
          ]
        }
      ]
    },
    {
      "module": "module.panorama",
      "mode": "managed",
      "type": "aws_route_table_association",
      "name": "management_igw_secondary",
      "provider": "provider[\"registry.terraform.io/hashicorp/aws\"]",
      "instances": [
        {
          "index_key": 0,
          "schema_version": 0,
          "attributes": {
            "gateway_id": null,
            "id": "rtbassoc-06332d79dca254ea3",
            "route_table_id": "rtb-08878e86603ee7364",
            "subnet_id": "subnet-06a73ad3dda0adc06"
          },
          "private": "bnVsbA==",
          "dependencies": [
            "data.aws_availability_zones.available",
            "module.panorama.aws_route_table.management_igw",
            "module.panorama.aws_subnet.management_subnet_secondary",
            "module.panorama.aws_vpc.management-vpc"
          ]
        }
      ]
    },
    {
      "mode": "managed",
      "type": "aws_security_group",
      "name": "management",
      "provider": "provider[\"registry.terraform.io/hashicorp/aws\"]",
      "instances": [
        {
          "schema_version": 1,
          "attributes": {
            "arn": "arn:aws:ec2:us-west-2:847357768075:security-group/sg-00b794c24ff8b1119",
            "description": "Inbound filtering for Panorama",
            "egress": [],
            "id": "sg-00b794c24ff8b1119",
            "ingress": [],
            "name": "Reference Architecture Panorama",
            "name_prefix": null,
            "owner_id": "847357768075",
            "revoke_rules_on_delete": false,
            "tags": null,
            "timeouts": null,
            "vpc_id": "vpc-0f13dec46857ee480"
          },
          "private": "eyJlMmJmYjczMC1lY2FhLTExZTYtOGY4OC0zNDM2M2JjN2M0YzAiOnsiY3JlYXRlIjo2MDAwMDAwMDAwMDAsImRlbGV0ZSI6NjAwMDAwMDAwMDAwfSwic2NoZW1hX3ZlcnNpb24iOiIxIn0=",
          "dependencies": [
            "module.panorama.aws_vpc.management-vpc"
          ]
        }
      ]
    },
    {
      "mode": "managed",
      "type": "aws_security_group_rule",
      "name": "sg-out-mgmt-rules",
      "provider": "provider[\"registry.terraform.io/hashicorp/aws\"]",
      "instances": [
        {
          "index_key": "egress",
          "schema_version": 2,
          "attributes": {
            "cidr_blocks": [
              "0.0.0.0/0"
            ],
            "description": null,
            "from_port": 0,
            "id": "sgrule-3154029333",
            "ipv6_cidr_blocks": null,
            "prefix_list_ids": null,
            "protocol": "-1",
            "security_group_id": "sg-00b794c24ff8b1119",
            "self": false,
            "source_security_group_id": null,
            "to_port": 0,
            "type": "egress"
          },
          "private": "eyJzY2hlbWFfdmVyc2lvbiI6IjIifQ==",
          "dependencies": [
            "aws_security_group.management",
            "module.panorama.aws_vpc.management-vpc"
          ]
        },
        {
          "index_key": "https-from-on-prem",
          "schema_version": 2,
          "attributes": {
            "cidr_blocks": [
              "0.0.0.0/0"
            ],
            "description": null,
            "from_port": 443,
            "id": "sgrule-2227550271",
            "ipv6_cidr_blocks": null,
            "prefix_list_ids": null,
            "protocol": "tcp",
            "security_group_id": "sg-00b794c24ff8b1119",
            "self": false,
            "source_security_group_id": null,
            "to_port": 443,
            "type": "ingress"
          },
          "private": "eyJzY2hlbWFfdmVyc2lvbiI6IjIifQ==",
          "dependencies": [
            "aws_security_group.management",
            "module.panorama.aws_vpc.management-vpc"
          ]
        },
        {
          "index_key": "ingress",
          "schema_version": 2,
          "attributes": {
            "cidr_blocks": [
              "10.255.0.0/16"
            ],
            "description": null,
            "from_port": 0,
            "id": "sgrule-4127631026",
            "ipv6_cidr_blocks": null,
            "prefix_list_ids": null,
            "protocol": "-1",
            "security_group_id": "sg-00b794c24ff8b1119",
            "self": false,
            "source_security_group_id": null,
            "to_port": 0,
            "type": "ingress"
          },
          "private": "eyJzY2hlbWFfdmVyc2lvbiI6IjIifQ==",
          "dependencies": [
            "aws_security_group.management",
            "module.panorama.aws_vpc.management-vpc"
          ]
        },
        {
          "index_key": "ssh-from-on-prem",
          "schema_version": 2,
          "attributes": {
            "cidr_blocks": [
              "0.0.0.0/0"
            ],
            "description": null,
            "from_port": 22,
            "id": "sgrule-1949425721",
            "ipv6_cidr_blocks": null,
            "prefix_list_ids": null,
            "protocol": "tcp",
            "security_group_id": "sg-00b794c24ff8b1119",
            "self": false,
            "source_security_group_id": null,
            "to_port": 22,
            "type": "ingress"
          },
          "private": "eyJzY2hlbWFfdmVyc2lvbiI6IjIifQ==",
          "dependencies": [
            "aws_security_group.management",
            "module.panorama.aws_vpc.management-vpc"
          ]
        }
      ]
    },
    {
      "module": "module.panorama",
      "mode": "managed",
      "type": "aws_subnet",
      "name": "management_subnet_primary",
      "provider": "provider[\"registry.terraform.io/hashicorp/aws\"]",
      "instances": [
        {
          "schema_version": 1,
          "attributes": {
            "arn": "arn:aws:ec2:us-west-2:847357768075:subnet/subnet-0e04325b8a130e98f",
            "assign_ipv6_address_on_creation": false,
            "availability_zone": "us-west-2a",
            "availability_zone_id": "usw2-az1",
            "cidr_block": "10.255.0.0/24",
            "id": "subnet-0e04325b8a130e98f",
            "ipv6_cidr_block": "",
            "ipv6_cidr_block_association_id": "",
            "map_public_ip_on_launch": false,
            "outpost_arn": "",
            "owner_id": "847357768075",
            "tags": {
              "Name": "Reference Architecture Management - us-west-2a"
            },
            "timeouts": null,
            "vpc_id": "vpc-0f13dec46857ee480"
          },
          "private": "eyJlMmJmYjczMC1lY2FhLTExZTYtOGY4OC0zNDM2M2JjN2M0YzAiOnsiY3JlYXRlIjo2MDAwMDAwMDAwMDAsImRlbGV0ZSI6MTIwMDAwMDAwMDAwMH0sInNjaGVtYV92ZXJzaW9uIjoiMSJ9",
          "dependencies": [
            "data.aws_availability_zones.available",
            "module.panorama.aws_vpc.management-vpc"
          ]
        }
      ]
    },
    {
      "module": "module.panorama",
      "mode": "managed",
      "type": "aws_subnet",
      "name": "management_subnet_secondary",
      "provider": "provider[\"registry.terraform.io/hashicorp/aws\"]",
      "instances": [
        {
          "index_key": 0,
          "schema_version": 1,
          "attributes": {
            "arn": "arn:aws:ec2:us-west-2:847357768075:subnet/subnet-06a73ad3dda0adc06",
            "assign_ipv6_address_on_creation": false,
            "availability_zone": "us-west-2b",
            "availability_zone_id": "usw2-az2",
            "cidr_block": "10.255.1.0/24",
            "id": "subnet-06a73ad3dda0adc06",
            "ipv6_cidr_block": "",
            "ipv6_cidr_block_association_id": "",
            "map_public_ip_on_launch": false,
            "outpost_arn": "",
            "owner_id": "847357768075",
            "tags": {
              "Name": "Reference Architecture Management - us-west-2b"
            },
            "timeouts": null,
            "vpc_id": "vpc-0f13dec46857ee480"
          },
          "private": "eyJlMmJmYjczMC1lY2FhLTExZTYtOGY4OC0zNDM2M2JjN2M0YzAiOnsiY3JlYXRlIjo2MDAwMDAwMDAwMDAsImRlbGV0ZSI6MTIwMDAwMDAwMDAwMH0sInNjaGVtYV92ZXJzaW9uIjoiMSJ9",
          "dependencies": [
            "data.aws_availability_zones.available",
            "module.panorama.aws_vpc.management-vpc"
          ]
        }
      ]
    },
    {
      "module": "module.panorama",
      "mode": "managed",
      "type": "aws_vpc",
      "name": "management-vpc",
      "provider": "provider[\"registry.terraform.io/hashicorp/aws\"]",
      "instances": [
        {
          "schema_version": 1,
          "attributes": {
            "arn": "arn:aws:ec2:us-west-2:847357768075:vpc/vpc-0f13dec46857ee480",
            "assign_generated_ipv6_cidr_block": false,
            "cidr_block": "10.255.0.0/16",
            "default_network_acl_id": "acl-01284e53d690caeee",
            "default_route_table_id": "rtb-0862480a88bd8d591",
            "default_security_group_id": "sg-0032865e842de2eda",
            "dhcp_options_id": "dopt-858b5dfd",
            "enable_classiclink": false,
            "enable_classiclink_dns_support": false,
            "enable_dns_hostnames": true,
            "enable_dns_support": true,
            "id": "vpc-0f13dec46857ee480",
            "instance_tenancy": "default",
            "ipv6_association_id": "",
            "ipv6_cidr_block": "",
            "main_route_table_id": "rtb-0862480a88bd8d591",
            "owner_id": "847357768075",
            "tags": {
              "Name": "Reference Architecture Management VPC"
            }
          },
          "private": "eyJzY2hlbWFfdmVyc2lvbiI6IjEifQ=="
        }
      ]
    }
  ]
}
